
Microsoft Visual Studio Solution File, Format Version 12.00
# Visual Studio 14
VisualStudioVersion = 14.0.25420.1
MinimumVisualStudioVersion = 10.0.40219.1
Project("{FAE04EC0-301F-11D3-BF4B-00C04F79EFBC}") = "AhnqIot.Web", "AhnqIot.Web\AhnqIot.Web.csproj", "{5D44A28B-7306-4E7D-98EB-CA8407216444}"
EndProject
Project("{FAE04EC0-301F-11D3-BF4B-00C04F79EFBC}") = "88ipCheck", "88ipCheck\88ipCheck.csproj", "{F10505F6-B143-4CCD-830C-F4BC0728A69A}"
EndProject
Project("{FAE04EC0-301F-11D3-BF4B-00C04F79EFBC}") = "Smart.Redis", "XFeng.Redis\Smart.Redis.csproj", "{FBA6B322-DEF8-4819-BC0D-F98FD9273196}"
EndProject
Project("{2150E333-8FDC-42A3-9474-1A3956D46DE8}") = "Framework", "Framework", "{2F4271E8-D842-4729-9B49-71B35A5359DC}"
EndProject
Project("{2150E333-8FDC-42A3-9474-1A3956D46DE8}") = "Smart Device[设备中心]", "Smart Device[设备中心]", "{20B9FB3F-06C5-4CE0-8CCF-E1C68464CCA7}"
EndProject
Project("{FAE04EC0-301F-11D3-BF4B-00C04F79EFBC}") = "yxtd-test", "yxtd-test\yxtd-test.csproj", "{08185CD6-5344-4247-BBAB-8F20D1356315}"
EndProject
Project("{FAE04EC0-301F-11D3-BF4B-00C04F79EFBC}") = "Smart.Device.Led.YXTD.Portocal", "Smart.Device.Led.YXTD.Portocal\Smart.Device.Led.YXTD.Portocal.csproj", "{CAB0D05A-01D5-4127-AAF9-1D883931A791}"
EndProject
Project("{2150E333-8FDC-42A3-9474-1A3956D46DE8}") = "Test", "Test", "{2D4AC400-F16E-4CD6-85BB-31ED669D6ABC}"
EndProject
Project("{2150E333-8FDC-42A3-9474-1A3956D46DE8}") = "Data Process Service[数据处理服务]", "Data Process Service[数据处理服务]", "{C9B74323-EFC8-4900-B623-748AD94118A2}"
EndProject
Project("{2150E333-8FDC-42A3-9474-1A3956D46DE8}") = "Smart Iot Tool[配置工具]", "Smart Iot Tool[配置工具]", "{CFCC5A03-969D-4E68-9671-0F2D2D764593}"
EndProject
Project("{2150E333-8FDC-42A3-9474-1A3956D46DE8}") = "Web", "Web", "{BB9EB22D-B78F-4987-A287-A850DFF682EE}"
EndProject
Project("{2150E333-8FDC-42A3-9474-1A3956D46DE8}") = "Bll[业务逻辑处理]", "Bll[业务逻辑处理]", "{75EE80E0-F3F9-45C1-8D00-511D831F5799}"
EndProject
Project("{FAE04EC0-301F-11D3-BF4B-00C04F79EFBC}") = "AhnqIot.Repository", "AhnqIot.Repository\AhnqIot.Repository.csproj", "{8BCF20C1-29E7-4B4C-BAEC-218FF2D702D9}"
EndProject
Project("{FAE04EC0-301F-11D3-BF4B-00C04F79EFBC}") = "AhnqIot.CompanyDataProcess", "AhnqIot.CompanyDataProcess\AhnqIot.CompanyDataProcess.csproj", "{09942350-6417-4316-BD4C-FC1BCC66AD4D}"
EndProject
Project("{FAE04EC0-301F-11D3-BF4B-00C04F79EFBC}") = "AhnqIot.WeatherStationDataProcess", "AhnqIot.WeatherStationDataProcess\AhnqIot.WeatherStationDataProcess.csproj", "{55548373-60AB-43D4-ABAB-8F5E524DE370}"
EndProject
Project("{FAE04EC0-301F-11D3-BF4B-00C04F79EFBC}") = "AhnqIot.CameraStationDataProcess", "AhnqIot.CameraStationDataProcess\AhnqIot.CameraStationDataProcess.csproj", "{DA66CFFD-4F4B-4D58-9716-0C9EC9D4AC05}"
EndProject
Project("{FAE04EC0-301F-11D3-BF4B-00C04F79EFBC}") = "AhnqIot.Dto", "AhnqIot.Dto\AhnqIot.Dto.csproj", "{9A53E555-52D8-4101-AD45-ADA2E0B7554D}"
EndProject
Project("{FAE04EC0-301F-11D3-BF4B-00C04F79EFBC}") = "AhnqIot.EF", "AhnqIot.EF\AhnqIot.EF.csproj", "{6129B3C1-4994-4FDC-A65E-FF9129DB6E57}"
EndProject
Project("{FAE04EC0-301F-11D3-BF4B-00C04F79EFBC}") = "AhnqIot.DbModel", "AhnqIot.DbModel\AhnqIot.DbModel.csproj", "{ADE1BDFB-EC52-4149-870B-C9F9ED246A89}"
EndProject
Project("{FAE04EC0-301F-11D3-BF4B-00C04F79EFBC}") = "AhnqIot.Infrastructure", "AhnqIot.Infrastructure\AhnqIot.Infrastructure.csproj", "{9DCB9C9C-881F-457B-80E0-76054F75A9C9}"
EndProject
Project("{FAE04EC0-301F-11D3-BF4B-00C04F79EFBC}") = "AhnqIot.Bussiness", "AhnqIot.Bussiness\AhnqIot.Bussiness.csproj", "{92CDE430-8BC7-4AC7-A3BA-1AABF9F653F8}"
EndProject
Project("{FAE04EC0-301F-11D3-BF4B-00C04F79EFBC}") = "ahnqiot.Ef.Test", "ahnqiot.Ef.Test\ahnqiot.Ef.Test.csproj", "{296C0008-0143-4FAB-83CC-39B54B554CA7}"
EndProject
Project("{2150E333-8FDC-42A3-9474-1A3956D46DE8}") = "Smart Iot API[数据接口]", "Smart Iot API[数据接口]", "{AEB11E5E-3EF2-4A79-8494-43891BC95770}"
EndProject
Project("{FAE04EC0-301F-11D3-BF4B-00C04F79EFBC}") = "SmartIot.Api.Protocal", "SmartIot.Api.Protocal\SmartIot.Api.Protocal.csproj", "{50506061-8666-4077-8A75-CE2395538E77}"
EndProject
Project("{FAE04EC0-301F-11D3-BF4B-00C04F79EFBC}") = "SmartIot.API.Processor", "SmartIot.API.Processor\SmartIot.API.Processor.csproj", "{073788EB-C8B8-4CAA-8B77-5AECE1791A0F}"
	ProjectSection(ProjectDependencies) = postProject
		{50506061-8666-4077-8A75-CE2395538E77} = {50506061-8666-4077-8A75-CE2395538E77}
		{04B0B6C9-4656-4E14-AD61-D5EC47D8BBB8} = {04B0B6C9-4656-4E14-AD61-D5EC47D8BBB8}
	EndProjectSection
EndProject
Project("{FAE04EC0-301F-11D3-BF4B-00C04F79EFBC}") = "SmartIot.API.Container", "SmartIot.API.Container\SmartIot.API.Container.csproj", "{CA317BA0-141B-43DA-878E-AA51BDB8FCA0}"
EndProject
Project("{FAE04EC0-301F-11D3-BF4B-00C04F79EFBC}") = "SmartIot.Service.Core", "SmartIot.Service.Core\SmartIot.Service.Core.csproj", "{04B0B6C9-4656-4E14-AD61-D5EC47D8BBB8}"
EndProject
Project("{2150E333-8FDC-42A3-9474-1A3956D46DE8}") = "Smart Device Led[Led屏]", "Smart Device Led[Led屏]", "{0EE0E204-A117-44CF-8880-28CB52583B78}"
EndProject
Project("{FAE04EC0-301F-11D3-BF4B-00C04F79EFBC}") = "Smart.Device.Led.Common", "Samrt.Led.Common\Smart.Device.Led.Common.csproj", "{1920B8D7-3568-4055-95AE-1E70D793014E}"
EndProject
Project("{FAE04EC0-301F-11D3-BF4B-00C04F79EFBC}") = "Smart.Device.Transport", "Smart.Device.Transport\Smart.Device.Transport.csproj", "{5FF00FB4-A88D-466C-BA67-FB3091903E95}"
EndProject
Project("{FAE04EC0-301F-11D3-BF4B-00C04F79EFBC}") = "SmartIot.API.ProcessorV2", "SmartIot.API.ProcessorV2\SmartIot.API.ProcessorV2.csproj", "{FA3771BD-28FF-4C25-8784-9F50AD544ECA}"
EndProject
Project("{FAE04EC0-301F-11D3-BF4B-00C04F79EFBC}") = "SmartIot.API.ContainerV2", "SmartIot.API.ContainerV2\SmartIot.API.ContainerV2.csproj", "{64966372-8FAE-4EA0-8F18-95EBC160ED81}"
EndProject
Project("{FAE04EC0-301F-11D3-BF4B-00C04F79EFBC}") = "SmartIot.Tool.DefaultService.DB", "SmarIot.Tool.DefaultService.DB\SmartIot.Tool.DefaultService.DB.csproj", "{77BA811E-6BF2-475F-840A-92144A55B809}"
EndProject
Project("{FAE04EC0-301F-11D3-BF4B-00C04F79EFBC}") = "SmartIot.Tool.DefaultServiceTool", "SmarIot.Tool.DefaultServiceTool\SmartIot.Tool.DefaultServiceTool.csproj", "{9E0197ED-F96F-4F75-8FBA-9A0882A651BC}"
	ProjectSection(ProjectDependencies) = postProject
		{77BA811E-6BF2-475F-840A-92144A55B809} = {77BA811E-6BF2-475F-840A-92144A55B809}
		{C6F031D8-1934-4E0F-A83B-8C42D840827F} = {C6F031D8-1934-4E0F-A83B-8C42D840827F}
	EndProjectSection
EndProject
Project("{FAE04EC0-301F-11D3-BF4B-00C04F79EFBC}") = "SmartIot.Tool.DefaultService.API", "SmarIot.Tool.DefaultService.API\SmartIot.Tool.DefaultService.API.csproj", "{496A249D-2107-457B-BBAC-ECA3B920EA21}"
	ProjectSection(ProjectDependencies) = postProject
		{8D845219-5BF8-4F1E-B7E7-45B72420D523} = {8D845219-5BF8-4F1E-B7E7-45B72420D523}
		{50506061-8666-4077-8A75-CE2395538E77} = {50506061-8666-4077-8A75-CE2395538E77}
		{C6F031D8-1934-4E0F-A83B-8C42D840827F} = {C6F031D8-1934-4E0F-A83B-8C42D840827F}
	EndProjectSection
EndProject
Project("{FAE04EC0-301F-11D3-BF4B-00C04F79EFBC}") = "SmartIot.Tool.DefaultService", "SmarIot.Tool.DefaultService\SmartIot.Tool.DefaultService.csproj", "{D65529FD-196C-48CF-8785-E9FF40884E82}"
	ProjectSection(ProjectDependencies) = postProject
		{8D845219-5BF8-4F1E-B7E7-45B72420D523} = {8D845219-5BF8-4F1E-B7E7-45B72420D523}
		{77BA811E-6BF2-475F-840A-92144A55B809} = {77BA811E-6BF2-475F-840A-92144A55B809}
		{50506061-8666-4077-8A75-CE2395538E77} = {50506061-8666-4077-8A75-CE2395538E77}
		{496A249D-2107-457B-BBAC-ECA3B920EA21} = {496A249D-2107-457B-BBAC-ECA3B920EA21}
		{04B0B6C9-4656-4E14-AD61-D5EC47D8BBB8} = {04B0B6C9-4656-4E14-AD61-D5EC47D8BBB8}
		{C6F031D8-1934-4E0F-A83B-8C42D840827F} = {C6F031D8-1934-4E0F-A83B-8C42D840827F}
	EndProjectSection
EndProject
Project("{FAE04EC0-301F-11D3-BF4B-00C04F79EFBC}") = "SmartIot.Tool.Core", "SmarIot.Tool.Core\SmartIot.Tool.Core.csproj", "{C6F031D8-1934-4E0F-A83B-8C42D840827F}"
EndProject
Project("{FAE04EC0-301F-11D3-BF4B-00C04F79EFBC}") = "SmartIot.Tool.Container", "SmarIot.Tool.Container\SmartIot.Tool.Container.csproj", "{0BA3B198-EEFB-43FC-B156-47F9260347F9}"
	ProjectSection(ProjectDependencies) = postProject
		{04B0B6C9-4656-4E14-AD61-D5EC47D8BBB8} = {04B0B6C9-4656-4E14-AD61-D5EC47D8BBB8}
		{C6F031D8-1934-4E0F-A83B-8C42D840827F} = {C6F031D8-1934-4E0F-A83B-8C42D840827F}
		{D65529FD-196C-48CF-8785-E9FF40884E82} = {D65529FD-196C-48CF-8785-E9FF40884E82}
	EndProjectSection
EndProject
Project("{FAE04EC0-301F-11D3-BF4B-00C04F79EFBC}") = "SmartIot.Tool.API", "SmarIot.Tool.API\SmartIot.Tool.API.csproj", "{8D845219-5BF8-4F1E-B7E7-45B72420D523}"
	ProjectSection(ProjectDependencies) = postProject
		{77BA811E-6BF2-475F-840A-92144A55B809} = {77BA811E-6BF2-475F-840A-92144A55B809}
		{50506061-8666-4077-8A75-CE2395538E77} = {50506061-8666-4077-8A75-CE2395538E77}
	EndProjectSection
EndProject
Project("{2150E333-8FDC-42A3-9474-1A3956D46DE8}") = "Smart Device Hikvision[海康威视]", "Smart Device Hikvision[海康威视]", "{4239D324-8469-4842-9B2C-164F5E208E84}"
EndProject
Project("{FAE04EC0-301F-11D3-BF4B-00C04F79EFBC}") = "SmartIot.Service.Hikvision", "SmartIot.Camera.Hikvision\SmartIot.Service.Hikvision.csproj", "{DB8BD2B6-BA13-42F5-81DF-5110EFD76BA9}"
EndProject
Project("{FAE04EC0-301F-11D3-BF4B-00C04F79EFBC}") = "AhnqIot.DataProcess.Service.Core", "AhnqIot.DataProcess.Service.Core\AhnqIot.DataProcess.Service.Core.csproj", "{6A5A99CA-E1EB-459E-B65D-D04B2DEA3305}"
EndProject
Project("{FAE04EC0-301F-11D3-BF4B-00C04F79EFBC}") = "AhnqIot.AreaStationDataProcess", "AhnqIot.AreaStationDataProcess\AhnqIot.AreaStationDataProcess.csproj", "{6D174734-A478-4E5E-9B35-7E72397202D2}"
EndProject
Project("{FAE04EC0-301F-11D3-BF4B-00C04F79EFBC}") = "AhnqIot.Hxj.DbModel", "AhnqIot.Hxj.DbModel\AhnqIot.Hxj.DbModel.csproj", "{F9747F8E-497C-4B58-8526-586DF68A47DD}"
EndProject
Project("{FAE04EC0-301F-11D3-BF4B-00C04F79EFBC}") = "AhnqIot.Hxj.Repository", "AhnqIot.Hxj.Repository\AhnqIot.Hxj.Repository.csproj", "{2A3C2611-C174-428E-8079-F57F67651EE5}"
EndProject
Project("{FAE04EC0-301F-11D3-BF4B-00C04F79EFBC}") = "RedisPubTest", "RedisPubTest\RedisPubTest.csproj", "{0FE323B4-B58A-41AD-8333-BA915E7C97ED}"
EndProject
Project("{FAE04EC0-301F-11D3-BF4B-00C04F79EFBC}") = "RedisSubTest", "RedisSubTest\RedisSubTest.csproj", "{2A43FD91-E7C5-4CAF-9F74-46722946C451}"
EndProject
Project("{FAE04EC0-301F-11D3-BF4B-00C04F79EFBC}") = "SmartIot.API.Tool", "SmartIot.API.Tool\SmartIot.API.Tool.csproj", "{458E6984-C850-4882-AAC4-216F2B46E676}"
EndProject
Project("{FAE04EC0-301F-11D3-BF4B-00C04F79EFBC}") = "Ahnqiot.Web.Api", "Ahnqiot.Web.Api\Ahnqiot.Web.Api.csproj", "{82F0D2FF-81C2-4161-AF3F-AEAD06A30481}"
EndProject
Project("{FAE04EC0-301F-11D3-BF4B-00C04F79EFBC}") = "SmartIot.ConfigTool", "SmartIot.ConfigTool\SmartIot.ConfigTool.csproj", "{698C6C86-61A5-4CBE-8C3C-396E0300B055}"
EndProject
Global
	GlobalSection(SolutionConfigurationPlatforms) = preSolution
		Debug|Any CPU = Debug|Any CPU
		Release|Any CPU = Release|Any CPU
	EndGlobalSection
	GlobalSection(ProjectConfigurationPlatforms) = postSolution
		{5D44A28B-7306-4E7D-98EB-CA8407216444}.Debug|Any CPU.ActiveCfg = Debug|Any CPU
		{5D44A28B-7306-4E7D-98EB-CA8407216444}.Debug|Any CPU.Build.0 = Debug|Any CPU
		{5D44A28B-7306-4E7D-98EB-CA8407216444}.Release|Any CPU.ActiveCfg = Release|Any CPU
		{5D44A28B-7306-4E7D-98EB-CA8407216444}.Release|Any CPU.Build.0 = Release|Any CPU
		{F10505F6-B143-4CCD-830C-F4BC0728A69A}.Debug|Any CPU.ActiveCfg = Debug|Any CPU
		{F10505F6-B143-4CCD-830C-F4BC0728A69A}.Debug|Any CPU.Build.0 = Debug|Any CPU
		{F10505F6-B143-4CCD-830C-F4BC0728A69A}.Release|Any CPU.ActiveCfg = Release|Any CPU
		{F10505F6-B143-4CCD-830C-F4BC0728A69A}.Release|Any CPU.Build.0 = Release|Any CPU
		{FBA6B322-DEF8-4819-BC0D-F98FD9273196}.Debug|Any CPU.ActiveCfg = Debug|Any CPU
		{FBA6B322-DEF8-4819-BC0D-F98FD9273196}.Debug|Any CPU.Build.0 = Debug|Any CPU
		{FBA6B322-DEF8-4819-BC0D-F98FD9273196}.Release|Any CPU.ActiveCfg = Release|Any CPU
		{FBA6B322-DEF8-4819-BC0D-F98FD9273196}.Release|Any CPU.Build.0 = Release|Any CPU
		{08185CD6-5344-4247-BBAB-8F20D1356315}.Debug|Any CPU.ActiveCfg = Debug|Any CPU
		{08185CD6-5344-4247-BBAB-8F20D1356315}.Debug|Any CPU.Build.0 = Debug|Any CPU
		{08185CD6-5344-4247-BBAB-8F20D1356315}.Release|Any CPU.ActiveCfg = Release|Any CPU
		{08185CD6-5344-4247-BBAB-8F20D1356315}.Release|Any CPU.Build.0 = Release|Any CPU
		{CAB0D05A-01D5-4127-AAF9-1D883931A791}.Debug|Any CPU.ActiveCfg = Debug|Any CPU
		{CAB0D05A-01D5-4127-AAF9-1D883931A791}.Debug|Any CPU.Build.0 = Debug|Any CPU
		{CAB0D05A-01D5-4127-AAF9-1D883931A791}.Release|Any CPU.ActiveCfg = Release|Any CPU
		{CAB0D05A-01D5-4127-AAF9-1D883931A791}.Release|Any CPU.Build.0 = Release|Any CPU
		{8BCF20C1-29E7-4B4C-BAEC-218FF2D702D9}.Debug|Any CPU.ActiveCfg = Debug|Any CPU
		{8BCF20C1-29E7-4B4C-BAEC-218FF2D702D9}.Debug|Any CPU.Build.0 = Debug|Any CPU
		{8BCF20C1-29E7-4B4C-BAEC-218FF2D702D9}.Release|Any CPU.ActiveCfg = Release|Any CPU
		{8BCF20C1-29E7-4B4C-BAEC-218FF2D702D9}.Release|Any CPU.Build.0 = Release|Any CPU
		{09942350-6417-4316-BD4C-FC1BCC66AD4D}.Debug|Any CPU.ActiveCfg = Debug|Any CPU
		{09942350-6417-4316-BD4C-FC1BCC66AD4D}.Debug|Any CPU.Build.0 = Debug|Any CPU
		{09942350-6417-4316-BD4C-FC1BCC66AD4D}.Release|Any CPU.ActiveCfg = Release|Any CPU
		{09942350-6417-4316-BD4C-FC1BCC66AD4D}.Release|Any CPU.Build.0 = Release|Any CPU
		{55548373-60AB-43D4-ABAB-8F5E524DE370}.Debug|Any CPU.ActiveCfg = Debug|Any CPU
		{55548373-60AB-43D4-ABAB-8F5E524DE370}.Debug|Any CPU.Build.0 = Debug|Any CPU
		{55548373-60AB-43D4-ABAB-8F5E524DE370}.Release|Any CPU.ActiveCfg = Release|Any CPU
		{55548373-60AB-43D4-ABAB-8F5E524DE370}.Release|Any CPU.Build.0 = Release|Any CPU
		{DA66CFFD-4F4B-4D58-9716-0C9EC9D4AC05}.Debug|Any CPU.ActiveCfg = Debug|Any CPU
		{DA66CFFD-4F4B-4D58-9716-0C9EC9D4AC05}.Debug|Any CPU.Build.0 = Debug|Any CPU
		{DA66CFFD-4F4B-4D58-9716-0C9EC9D4AC05}.Release|Any CPU.ActiveCfg = Release|Any CPU
		{DA66CFFD-4F4B-4D58-9716-0C9EC9D4AC05}.Release|Any CPU.Build.0 = Release|Any CPU
		{9A53E555-52D8-4101-AD45-ADA2E0B7554D}.Debug|Any CPU.ActiveCfg = Debug|Any CPU
		{9A53E555-52D8-4101-AD45-ADA2E0B7554D}.Debug|Any CPU.Build.0 = Debug|Any CPU
		{9A53E555-52D8-4101-AD45-ADA2E0B7554D}.Release|Any CPU.ActiveCfg = Release|Any CPU
		{9A53E555-52D8-4101-AD45-ADA2E0B7554D}.Release|Any CPU.Build.0 = Release|Any CPU
		{6129B3C1-4994-4FDC-A65E-FF9129DB6E57}.Debug|Any CPU.ActiveCfg = Debug|Any CPU
		{6129B3C1-4994-4FDC-A65E-FF9129DB6E57}.Debug|Any CPU.Build.0 = Debug|Any CPU
		{6129B3C1-4994-4FDC-A65E-FF9129DB6E57}.Release|Any CPU.ActiveCfg = Release|Any CPU
		{6129B3C1-4994-4FDC-A65E-FF9129DB6E57}.Release|Any CPU.Build.0 = Release|Any CPU
		{ADE1BDFB-EC52-4149-870B-C9F9ED246A89}.Debug|Any CPU.ActiveCfg = Debug|Any CPU
		{ADE1BDFB-EC52-4149-870B-C9F9ED246A89}.Debug|Any CPU.Build.0 = Debug|Any CPU
		{ADE1BDFB-EC52-4149-870B-C9F9ED246A89}.Release|Any CPU.ActiveCfg = Release|Any CPU
		{ADE1BDFB-EC52-4149-870B-C9F9ED246A89}.Release|Any CPU.Build.0 = Release|Any CPU
		{9DCB9C9C-881F-457B-80E0-76054F75A9C9}.Debug|Any CPU.ActiveCfg = Debug|Any CPU
		{9DCB9C9C-881F-457B-80E0-76054F75A9C9}.Debug|Any CPU.Build.0 = Debug|Any CPU
		{9DCB9C9C-881F-457B-80E0-76054F75A9C9}.Release|Any CPU.ActiveCfg = Release|Any CPU
		{9DCB9C9C-881F-457B-80E0-76054F75A9C9}.Release|Any CPU.Build.0 = Release|Any CPU
		{92CDE430-8BC7-4AC7-A3BA-1AABF9F653F8}.Debug|Any CPU.ActiveCfg = Debug|Any CPU
		{92CDE430-8BC7-4AC7-A3BA-1AABF9F653F8}.Debug|Any CPU.Build.0 = Debug|Any CPU
		{92CDE430-8BC7-4AC7-A3BA-1AABF9F653F8}.Release|Any CPU.ActiveCfg = Release|Any CPU
		{92CDE430-8BC7-4AC7-A3BA-1AABF9F653F8}.Release|Any CPU.Build.0 = Release|Any CPU
		{296C0008-0143-4FAB-83CC-39B54B554CA7}.Debug|Any CPU.ActiveCfg = Debug|Any CPU
		{296C0008-0143-4FAB-83CC-39B54B554CA7}.Debug|Any CPU.Build.0 = Debug|Any CPU
		{296C0008-0143-4FAB-83CC-39B54B554CA7}.Release|Any CPU.ActiveCfg = Release|Any CPU
		{296C0008-0143-4FAB-83CC-39B54B554CA7}.Release|Any CPU.Build.0 = Release|Any CPU
		{50506061-8666-4077-8A75-CE2395538E77}.Debug|Any CPU.ActiveCfg = Debug|Any CPU
		{50506061-8666-4077-8A75-CE2395538E77}.Debug|Any CPU.Build.0 = Debug|Any CPU
		{50506061-8666-4077-8A75-CE2395538E77}.Release|Any CPU.ActiveCfg = Release|Any CPU
		{50506061-8666-4077-8A75-CE2395538E77}.Release|Any CPU.Build.0 = Release|Any CPU
		{073788EB-C8B8-4CAA-8B77-5AECE1791A0F}.Debug|Any CPU.ActiveCfg = Debug|Any CPU
		{073788EB-C8B8-4CAA-8B77-5AECE1791A0F}.Debug|Any CPU.Build.0 = Debug|Any CPU
		{073788EB-C8B8-4CAA-8B77-5AECE1791A0F}.Release|Any CPU.ActiveCfg = Release|Any CPU
		{073788EB-C8B8-4CAA-8B77-5AECE1791A0F}.Release|Any CPU.Build.0 = Release|Any CPU
		{CA317BA0-141B-43DA-878E-AA51BDB8FCA0}.Debug|Any CPU.ActiveCfg = Debug|Any CPU
		{CA317BA0-141B-43DA-878E-AA51BDB8FCA0}.Debug|Any CPU.Build.0 = Debug|Any CPU
		{CA317BA0-141B-43DA-878E-AA51BDB8FCA0}.Release|Any CPU.ActiveCfg = Release|Any CPU
		{CA317BA0-141B-43DA-878E-AA51BDB8FCA0}.Release|Any CPU.Build.0 = Release|Any CPU
		{04B0B6C9-4656-4E14-AD61-D5EC47D8BBB8}.Debug|Any CPU.ActiveCfg = Debug|Any CPU
		{04B0B6C9-4656-4E14-AD61-D5EC47D8BBB8}.Debug|Any CPU.Build.0 = Debug|Any CPU
		{04B0B6C9-4656-4E14-AD61-D5EC47D8BBB8}.Release|Any CPU.ActiveCfg = Release|Any CPU
		{04B0B6C9-4656-4E14-AD61-D5EC47D8BBB8}.Release|Any CPU.Build.0 = Release|Any CPU
		{1920B8D7-3568-4055-95AE-1E70D793014E}.Debug|Any CPU.ActiveCfg = Debug|Any CPU
		{1920B8D7-3568-4055-95AE-1E70D793014E}.Debug|Any CPU.Build.0 = Debug|Any CPU
		{1920B8D7-3568-4055-95AE-1E70D793014E}.Release|Any CPU.ActiveCfg = Release|Any CPU
		{1920B8D7-3568-4055-95AE-1E70D793014E}.Release|Any CPU.Build.0 = Release|Any CPU
		{5FF00FB4-A88D-466C-BA67-FB3091903E95}.Debug|Any CPU.ActiveCfg = Debug|Any CPU
		{5FF00FB4-A88D-466C-BA67-FB3091903E95}.Debug|Any CPU.Build.0 = Debug|Any CPU
		{5FF00FB4-A88D-466C-BA67-FB3091903E95}.Release|Any CPU.ActiveCfg = Release|Any CPU
		{5FF00FB4-A88D-466C-BA67-FB3091903E95}.Release|Any CPU.Build.0 = Release|Any CPU
		{FA3771BD-28FF-4C25-8784-9F50AD544ECA}.Debug|Any CPU.ActiveCfg = Debug|Any CPU
		{FA3771BD-28FF-4C25-8784-9F50AD544ECA}.Debug|Any CPU.Build.0 = Debug|Any CPU
		{FA3771BD-28FF-4C25-8784-9F50AD544ECA}.Release|Any CPU.ActiveCfg = Release|Any CPU
		{FA3771BD-28FF-4C25-8784-9F50AD544ECA}.Release|Any CPU.Build.0 = Release|Any CPU
		{64966372-8FAE-4EA0-8F18-95EBC160ED81}.Debug|Any CPU.ActiveCfg = Debug|Any CPU
		{64966372-8FAE-4EA0-8F18-95EBC160ED81}.Debug|Any CPU.Build.0 = Debug|Any CPU
		{64966372-8FAE-4EA0-8F18-95EBC160ED81}.Release|Any CPU.ActiveCfg = Release|Any CPU
		{64966372-8FAE-4EA0-8F18-95EBC160ED81}.Release|Any CPU.Build.0 = Release|Any CPU
		{77BA811E-6BF2-475F-840A-92144A55B809}.Debug|Any CPU.ActiveCfg = Debug|Any CPU
		{77BA811E-6BF2-475F-840A-92144A55B809}.Debug|Any CPU.Build.0 = Debug|Any CPU
		{77BA811E-6BF2-475F-840A-92144A55B809}.Release|Any CPU.ActiveCfg = Release|Any CPU
		{77BA811E-6BF2-475F-840A-92144A55B809}.Release|Any CPU.Build.0 = Release|Any CPU
		{9E0197ED-F96F-4F75-8FBA-9A0882A651BC}.Debug|Any CPU.ActiveCfg = Debug|Any CPU
		{9E0197ED-F96F-4F75-8FBA-9A0882A651BC}.Debug|Any CPU.Build.0 = Debug|Any CPU
		{9E0197ED-F96F-4F75-8FBA-9A0882A651BC}.Release|Any CPU.ActiveCfg = Release|Any CPU
		{9E0197ED-F96F-4F75-8FBA-9A0882A651BC}.Release|Any CPU.Build.0 = Release|Any CPU
		{496A249D-2107-457B-BBAC-ECA3B920EA21}.Debug|Any CPU.ActiveCfg = Debug|Any CPU
		{496A249D-2107-457B-BBAC-ECA3B920EA21}.Debug|Any CPU.Build.0 = Debug|Any CPU
		{496A249D-2107-457B-BBAC-ECA3B920EA21}.Release|Any CPU.ActiveCfg = Release|Any CPU
		{496A249D-2107-457B-BBAC-ECA3B920EA21}.Release|Any CPU.Build.0 = Release|Any CPU
		{D65529FD-196C-48CF-8785-E9FF40884E82}.Debug|Any CPU.ActiveCfg = Debug|Any CPU
		{D65529FD-196C-48CF-8785-E9FF40884E82}.Debug|Any CPU.Build.0 = Debug|Any CPU
		{D65529FD-196C-48CF-8785-E9FF40884E82}.Release|Any CPU.ActiveCfg = Release|Any CPU
		{D65529FD-196C-48CF-8785-E9FF40884E82}.Release|Any CPU.Build.0 = Release|Any CPU
		{C6F031D8-1934-4E0F-A83B-8C42D840827F}.Debug|Any CPU.ActiveCfg = Debug|Any CPU
		{C6F031D8-1934-4E0F-A83B-8C42D840827F}.Debug|Any CPU.Build.0 = Debug|Any CPU
		{C6F031D8-1934-4E0F-A83B-8C42D840827F}.Release|Any CPU.ActiveCfg = Release|Any CPU
		{C6F031D8-1934-4E0F-A83B-8C42D840827F}.Release|Any CPU.Build.0 = Release|Any CPU
		{0BA3B198-EEFB-43FC-B156-47F9260347F9}.Debug|Any CPU.ActiveCfg = Debug|Any CPU
		{0BA3B198-EEFB-43FC-B156-47F9260347F9}.Debug|Any CPU.Build.0 = Debug|Any CPU
		{0BA3B198-EEFB-43FC-B156-47F9260347F9}.Release|Any CPU.ActiveCfg = Release|Any CPU
		{0BA3B198-EEFB-43FC-B156-47F9260347F9}.Release|Any CPU.Build.0 = Release|Any CPU
		{8D845219-5BF8-4F1E-B7E7-45B72420D523}.Debug|Any CPU.ActiveCfg = Debug|Any CPU
		{8D845219-5BF8-4F1E-B7E7-45B72420D523}.Debug|Any CPU.Build.0 = Debug|Any CPU
		{8D845219-5BF8-4F1E-B7E7-45B72420D523}.Release|Any CPU.ActiveCfg = Release|Any CPU
		{8D845219-5BF8-4F1E-B7E7-45B72420D523}.Release|Any CPU.Build.0 = Release|Any CPU
		{DB8BD2B6-BA13-42F5-81DF-5110EFD76BA9}.Debug|Any CPU.ActiveCfg = Debug|Any CPU
		{DB8BD2B6-BA13-42F5-81DF-5110EFD76BA9}.Debug|Any CPU.Build.0 = Debug|Any CPU
		{DB8BD2B6-BA13-42F5-81DF-5110EFD76BA9}.Release|Any CPU.ActiveCfg = Release|Any CPU
		{DB8BD2B6-BA13-42F5-81DF-5110EFD76BA9}.Release|Any CPU.Build.0 = Release|Any CPU
		{6A5A99CA-E1EB-459E-B65D-D04B2DEA3305}.Debug|Any CPU.ActiveCfg = Debug|Any CPU
		{6A5A99CA-E1EB-459E-B65D-D04B2DEA3305}.Debug|Any CPU.Build.0 = Debug|Any CPU
		{6A5A99CA-E1EB-459E-B65D-D04B2DEA3305}.Release|Any CPU.ActiveCfg = Release|Any CPU
		{6A5A99CA-E1EB-459E-B65D-D04B2DEA3305}.Release|Any CPU.Build.0 = Release|Any CPU
		{6D174734-A478-4E5E-9B35-7E72397202D2}.Debug|Any CPU.ActiveCfg = Debug|Any CPU
		{6D174734-A478-4E5E-9B35-7E72397202D2}.Debug|Any CPU.Build.0 = Debug|Any CPU
		{6D174734-A478-4E5E-9B35-7E72397202D2}.Release|Any CPU.ActiveCfg = Release|Any CPU
		{6D174734-A478-4E5E-9B35-7E72397202D2}.Release|Any CPU.Build.0 = Release|Any CPU
		{F9747F8E-497C-4B58-8526-586DF68A47DD}.Debug|Any CPU.ActiveCfg = Debug|Any CPU
		{F9747F8E-497C-4B58-8526-586DF68A47DD}.Debug|Any CPU.Build.0 = Debug|Any CPU
		{F9747F8E-497C-4B58-8526-586DF68A47DD}.Release|Any CPU.ActiveCfg = Release|Any CPU
		{F9747F8E-497C-4B58-8526-586DF68A47DD}.Release|Any CPU.Build.0 = Release|Any CPU
		{2A3C2611-C174-428E-8079-F57F67651EE5}.Debug|Any CPU.ActiveCfg = Debug|Any CPU
		{2A3C2611-C174-428E-8079-F57F67651EE5}.Debug|Any CPU.Build.0 = Debug|Any CPU
		{2A3C2611-C174-428E-8079-F57F67651EE5}.Release|Any CPU.ActiveCfg = Release|Any CPU
		{2A3C2611-C174-428E-8079-F57F67651EE5}.Release|Any CPU.Build.0 = Release|Any CPU
		{0FE323B4-B58A-41AD-8333-BA915E7C97ED}.Debug|Any CPU.ActiveCfg = Debug|Any CPU
		{0FE323B4-B58A-41AD-8333-BA915E7C97ED}.Debug|Any CPU.Build.0 = Debug|Any CPU
		{0FE323B4-B58A-41AD-8333-BA915E7C97ED}.Release|Any CPU.ActiveCfg = Release|Any CPU
		{0FE323B4-B58A-41AD-8333-BA915E7C97ED}.Release|Any CPU.Build.0 = Release|Any CPU
		{2A43FD91-E7C5-4CAF-9F74-46722946C451}.Debug|Any CPU.ActiveCfg = Debug|Any CPU
		{2A43FD91-E7C5-4CAF-9F74-46722946C451}.Debug|Any CPU.Build.0 = Debug|Any CPU
		{2A43FD91-E7C5-4CAF-9F74-46722946C451}.Release|Any CPU.ActiveCfg = Release|Any CPU
		{2A43FD91-E7C5-4CAF-9F74-46722946C451}.Release|Any CPU.Build.0 = Release|Any CPU
		{458E6984-C850-4882-AAC4-216F2B46E676}.Debug|Any CPU.ActiveCfg = Debug|Any CPU
		{458E6984-C850-4882-AAC4-216F2B46E676}.Debug|Any CPU.Build.0 = Debug|Any CPU
		{458E6984-C850-4882-AAC4-216F2B46E676}.Release|Any CPU.ActiveCfg = Release|Any CPU
		{458E6984-C850-4882-AAC4-216F2B46E676}.Release|Any CPU.Build.0 = Release|Any CPU
		{82F0D2FF-81C2-4161-AF3F-AEAD06A30481}.Debug|Any CPU.ActiveCfg = Debug|Any CPU
		{82F0D2FF-81C2-4161-AF3F-AEAD06A30481}.Debug|Any CPU.Build.0 = Debug|Any CPU
		{82F0D2FF-81C2-4161-AF3F-AEAD06A30481}.Release|Any CPU.ActiveCfg = Release|Any CPU
		{82F0D2FF-81C2-4161-AF3F-AEAD06A30481}.Release|Any CPU.Build.0 = Release|Any CPU
		{698C6C86-61A5-4CBE-8C3C-396E0300B055}.Debug|Any CPU.ActiveCfg = Debug|Any CPU
		{698C6C86-61A5-4CBE-8C3C-396E0300B055}.Debug|Any CPU.Build.0 = Debug|Any CPU
		{698C6C86-61A5-4CBE-8C3C-396E0300B055}.Release|Any CPU.ActiveCfg = Release|Any CPU
		{698C6C86-61A5-4CBE-8C3C-396E0300B055}.Release|Any CPU.Build.0 = Release|Any CPU
	EndGlobalSection
	GlobalSection(SolutionProperties) = preSolution
		HideSolutionNode = FALSE
	EndGlobalSection
	GlobalSection(NestedProjects) = preSolution
		{5D44A28B-7306-4E7D-98EB-CA8407216444} = {BB9EB22D-B78F-4987-A287-A850DFF682EE}
		{F10505F6-B143-4CCD-830C-F4BC0728A69A} = {2D4AC400-F16E-4CD6-85BB-31ED669D6ABC}
		{FBA6B322-DEF8-4819-BC0D-F98FD9273196} = {2F4271E8-D842-4729-9B49-71B35A5359DC}
		{08185CD6-5344-4247-BBAB-8F20D1356315} = {0EE0E204-A117-44CF-8880-28CB52583B78}
		{CAB0D05A-01D5-4127-AAF9-1D883931A791} = {0EE0E204-A117-44CF-8880-28CB52583B78}
		{8BCF20C1-29E7-4B4C-BAEC-218FF2D702D9} = {75EE80E0-F3F9-45C1-8D00-511D831F5799}
		{09942350-6417-4316-BD4C-FC1BCC66AD4D} = {C9B74323-EFC8-4900-B623-748AD94118A2}
		{55548373-60AB-43D4-ABAB-8F5E524DE370} = {C9B74323-EFC8-4900-B623-748AD94118A2}
		{DA66CFFD-4F4B-4D58-9716-0C9EC9D4AC05} = {C9B74323-EFC8-4900-B623-748AD94118A2}
		{9A53E555-52D8-4101-AD45-ADA2E0B7554D} = {75EE80E0-F3F9-45C1-8D00-511D831F5799}
		{6129B3C1-4994-4FDC-A65E-FF9129DB6E57} = {75EE80E0-F3F9-45C1-8D00-511D831F5799}
		{ADE1BDFB-EC52-4149-870B-C9F9ED246A89} = {75EE80E0-F3F9-45C1-8D00-511D831F5799}
		{9DCB9C9C-881F-457B-80E0-76054F75A9C9} = {2F4271E8-D842-4729-9B49-71B35A5359DC}
		{92CDE430-8BC7-4AC7-A3BA-1AABF9F653F8} = {75EE80E0-F3F9-45C1-8D00-511D831F5799}
		{296C0008-0143-4FAB-83CC-39B54B554CA7} = {2D4AC400-F16E-4CD6-85BB-31ED669D6ABC}
		{50506061-8666-4077-8A75-CE2395538E77} = {AEB11E5E-3EF2-4A79-8494-43891BC95770}
		{073788EB-C8B8-4CAA-8B77-5AECE1791A0F} = {AEB11E5E-3EF2-4A79-8494-43891BC95770}
		{CA317BA0-141B-43DA-878E-AA51BDB8FCA0} = {AEB11E5E-3EF2-4A79-8494-43891BC95770}
		{04B0B6C9-4656-4E14-AD61-D5EC47D8BBB8} = {AEB11E5E-3EF2-4A79-8494-43891BC95770}
		{0EE0E204-A117-44CF-8880-28CB52583B78} = {20B9FB3F-06C5-4CE0-8CCF-E1C68464CCA7}
		{1920B8D7-3568-4055-95AE-1E70D793014E} = {0EE0E204-A117-44CF-8880-28CB52583B78}
		{5FF00FB4-A88D-466C-BA67-FB3091903E95} = {20B9FB3F-06C5-4CE0-8CCF-E1C68464CCA7}
		{FA3771BD-28FF-4C25-8784-9F50AD544ECA} = {AEB11E5E-3EF2-4A79-8494-43891BC95770}
		{64966372-8FAE-4EA0-8F18-95EBC160ED81} = {AEB11E5E-3EF2-4A79-8494-43891BC95770}
		{77BA811E-6BF2-475F-840A-92144A55B809} = {CFCC5A03-969D-4E68-9671-0F2D2D764593}
		{9E0197ED-F96F-4F75-8FBA-9A0882A651BC} = {CFCC5A03-969D-4E68-9671-0F2D2D764593}
		{496A249D-2107-457B-BBAC-ECA3B920EA21} = {CFCC5A03-969D-4E68-9671-0F2D2D764593}
		{D65529FD-196C-48CF-8785-E9FF40884E82} = {CFCC5A03-969D-4E68-9671-0F2D2D764593}
		{C6F031D8-1934-4E0F-A83B-8C42D840827F} = {CFCC5A03-969D-4E68-9671-0F2D2D764593}
		{0BA3B198-EEFB-43FC-B156-47F9260347F9} = {CFCC5A03-969D-4E68-9671-0F2D2D764593}
		{8D845219-5BF8-4F1E-B7E7-45B72420D523} = {CFCC5A03-969D-4E68-9671-0F2D2D764593}
		{4239D324-8469-4842-9B2C-164F5E208E84} = {20B9FB3F-06C5-4CE0-8CCF-E1C68464CCA7}
		{DB8BD2B6-BA13-42F5-81DF-5110EFD76BA9} = {4239D324-8469-4842-9B2C-164F5E208E84}
		{6A5A99CA-E1EB-459E-B65D-D04B2DEA3305} = {C9B74323-EFC8-4900-B623-748AD94118A2}
		{6D174734-A478-4E5E-9B35-7E72397202D2} = {C9B74323-EFC8-4900-B623-748AD94118A2}
		{F9747F8E-497C-4B58-8526-586DF68A47DD} = {75EE80E0-F3F9-45C1-8D00-511D831F5799}
		{2A3C2611-C174-428E-8079-F57F67651EE5} = {75EE80E0-F3F9-45C1-8D00-511D831F5799}
		{0FE323B4-B58A-41AD-8333-BA915E7C97ED} = {2D4AC400-F16E-4CD6-85BB-31ED669D6ABC}
		{2A43FD91-E7C5-4CAF-9F74-46722946C451} = {2D4AC400-F16E-4CD6-85BB-31ED669D6ABC}
		{458E6984-C850-4882-AAC4-216F2B46E676} = {AEB11E5E-3EF2-4A79-8494-43891BC95770}
		{82F0D2FF-81C2-4161-AF3F-AEAD06A30481} = {BB9EB22D-B78F-4987-A287-A850DFF682EE}
		{698C6C86-61A5-4CBE-8C3C-396E0300B055} = {CFCC5A03-969D-4E68-9671-0F2D2D764593}
	EndGlobalSection
EndGlobal
